// !$*UTF8*$!
{
	archiveVersion = 1;
	classes = {
	};
	objectVersion = 100;
	objects = {

/* Begin PBXBuildFile section */
		0D4FD1FD2DB2818900CA6DB1 /* FirebaseAuth in Frameworks */ = {isa = PBXBuildFile; productRef = 0D4FD1FC2DB2818900CA6DB1 /* FirebaseAuth */; };
		0D4FD1FF2DB2818900CA6DB1 /* FirebaseFirestore in Frameworks */ = {isa = PBXBuildFile; productRef = 0D4FD1FE2DB2818900CA6DB1 /* FirebaseFirestore */; };
		0DFC6C852DB6E1BE0067BA36 /* FirebaseCore in Frameworks */ = {isa = PBXBuildFile; productRef = 0DFC6C842DB6E1BE0067BA36 /* FirebaseCore */; };
		0DFC6C872DB6E1BE0067BA36 /* FirebaseStorage in Frameworks */ = {isa = PBXBuildFile; productRef = 0DFC6C862DB6E1BE0067BA36 /* FirebaseStorage */; };
		36267A602E06374300A99130 /* CropViewController in Frameworks */ = {isa = PBXBuildFile; productRef = 36267A5F2E06374300A99130 /* CropViewController */; };
		36267A622E06374300A99130 /* TOCropViewController in Frameworks */ = {isa = PBXBuildFile; productRef = 36267A612E06374300A99130 /* TOCropViewController */; };
		36748B7F2DE112DD0094D43D /* FirebaseAI in Frameworks */ = {isa = PBXBuildFile; productRef = 36748B7E2DE112DD0094D43D /* FirebaseAI */; };
		368B7D842DE79DC6001D7971 /* FirebaseMessaging in Frameworks */ = {isa = PBXBuildFile; productRef = 368B7D832DE79DC6001D7971 /* FirebaseMessaging */; };
		369D7AC82DE9EACD005F30AB /* Kingfisher in Frameworks */ = {isa = PBXBuildFile; productRef = 369D7AC72DE9EACD005F30AB /* Kingfisher */; };
		36A036D32F36BCDB002B2937 /* GoogleUserMessagingPlatform in Frameworks */ = {isa = PBXBuildFile; productRef = 36A036D22F36BCDB002B2937 /* GoogleUserMessagingPlatform */; };
		36A036E52F38B220002B2937 /* MomentsNotificationService.appex in Embed Foundation Extensions */ = {isa = PBXBuildFile; fileRef = 36A036DE2F38B220002B2937 /* MomentsNotificationService.appex */; settings = {ATTRIBUTES = (RemoveHeadersOnCopy, ); }; };
		36A036EC2F38B596002B2937 /* FirebaseAuth in Frameworks */ = {isa = PBXBuildFile; productRef = 36A036EB2F38B596002B2937 /* FirebaseAuth */; };
		36A036EE2F38B59C002B2937 /* FirebaseFirestore in Frameworks */ = {isa = PBXBuildFile; productRef = 36A036ED2F38B59C002B2937 /* FirebaseFirestore */; };
		36A036F02F38B5B2002B2937 /* FirebaseMessaging in Frameworks */ = {isa = PBXBuildFile; productRef = 36A036EF2F38B5B2002B2937 /* FirebaseMessaging */; };
		36BDF3FF2ED7DD7800683AB4 /* WidgetKit.framework in Frameworks */ = {isa = PBXBuildFile; fileRef = 36BDF3FE2ED7DD7800683AB4 /* WidgetKit.framework */; };
		36BDF4012ED7DD7800683AB4 /* SwiftUI.framework in Frameworks */ = {isa = PBXBuildFile; fileRef = 36BDF4002ED7DD7800683AB4 /* SwiftUI.framework */; };
		36BDF4122ED7DD7B00683AB4 /* GlowsyWidgetExtensionExtension.appex in Embed Foundation Extensions */ = {isa = PBXBuildFile; fileRef = 36BDF3FC2ED7DD7800683AB4 /* GlowsyWidgetExtensionExtension.appex */; settings = {ATTRIBUTES = (RemoveHeadersOnCopy, ); }; };
		36CE4D382E0A18F400901FD0 /* ZIPFoundation in Frameworks */ = {isa = PBXBuildFile; productRef = 36CE4D372E0A18F400901FD0 /* ZIPFoundation */; };
		36CE4D4E2E0DEE4400901FD0 /* GoogleMobileAds in Frameworks */ = {isa = PBXBuildFile; productRef = 36CE4D4D2E0DEE4400901FD0 /* GoogleMobileAds */; };
		7A6D2F212F5A120100A1B2C3 /* IncognitoActivityAttributes.swift in Sources */ = {isa = PBXBuildFile; fileRef = 7A6D2F202F5A120100A1B2C3 /* IncognitoActivityAttributes.swift */; };
		7A6D2F222F5A120100A1B2C3 /* IncognitoActivityAttributes.swift in Sources */ = {isa = PBXBuildFile; fileRef = 7A6D2F202F5A120100A1B2C3 /* IncognitoActivityAttributes.swift */; };
		7A6D2F242F5A1A0100A1B2C3 /* PauseIncognitoIntent.swift in Sources */ = {isa = PBXBuildFile; fileRef = 7A6D2F232F5A1A0100A1B2C3 /* PauseIncognitoIntent.swift */; };
		7A6D2F252F5A1A0100A1B2C3 /* PauseIncognitoIntent.swift in Sources */ = {isa = PBXBuildFile; fileRef = 7A6D2F232F5A1A0100A1B2C3 /* PauseIncognitoIntent.swift */; };
		7A6D2F272F5A2B0100A1B2C3 /* MessageIngestQueue.swift in Sources */ = {isa = PBXBuildFile; fileRef = 7A6D2F262F5A2B0100A1B2C3 /* MessageIngestQueue.swift */; };
		7A6D2F282F5A2B0100A1B2C3 /* MessageIngestQueue.swift in Sources */ = {isa = PBXBuildFile; fileRef = 7A6D2F262F5A2B0100A1B2C3 /* MessageIngestQueue.swift */; };
		7A6D2F2A2F5A2C0100A1B2C3 /* ChatCommunicationIntentDonor.swift in Sources */ = {isa = PBXBuildFile; fileRef = 7A6D2F292F5A2C0100A1B2C3 /* ChatCommunicationIntentDonor.swift */; };
		7A6D2F2B2F5A2C0100A1B2C3 /* ChatCommunicationIntentDonor.swift in Sources */ = {isa = PBXBuildFile; fileRef = 7A6D2F292F5A2C0100A1B2C3 /* ChatCommunicationIntentDonor.swift */; };
		7A6D2F2D2F5A2D0100A1B2C3 /* ChatPreviewPrivacy.swift in Sources */ = {isa = PBXBuildFile; fileRef = 7A6D2F2C2F5A2D0100A1B2C3 /* ChatPreviewPrivacy.swift */; };
		7A6D2F2E2F5A2D0100A1B2C3 /* ChatPreviewPrivacy.swift in Sources */ = {isa = PBXBuildFile; fileRef = 7A6D2F2C2F5A2D0100A1B2C3 /* ChatPreviewPrivacy.swift */; };
/* End PBXBuildFile section */

/* Begin PBXContainerItemProxy section */
		36A036E32F38B220002B2937 /* PBXContainerItemProxy */ = {
			isa = PBXContainerItemProxy;
			containerPortal = 0D4FD1B12DB27BFE00CA6DB1 /* Project object */;
			proxyType = 1;
			remoteGlobalIDString = 36A036DD2F38B220002B2937;
			remoteInfo = MomentsNotificationService;
		};
		36BDF4102ED7DD7B00683AB4 /* PBXContainerItemProxy */ = {
			isa = PBXContainerItemProxy;
			containerPortal = 0D4FD1B12DB27BFE00CA6DB1 /* Project object */;
			proxyType = 1;
			remoteGlobalIDString = 36BDF3FB2ED7DD7800683AB4;
			remoteInfo = GlowsyWidgetExtensionExtension;
		};
/* End PBXContainerItemProxy section */

/* Begin PBXCopyFilesBuildPhase section */
		36BDF4172ED7DD7B00683AB4 /* Embed Foundation Extensions */ = {
			isa = PBXCopyFilesBuildPhase;
			dstPath = "";
			dstSubfolder = PlugIns;
			files = (
				36A036E52F38B220002B2937 /* MomentsNotificationService.appex in Embed Foundation Extensions */,
				36BDF4122ED7DD7B00683AB4 /* GlowsyWidgetExtensionExtension.appex in Embed Foundation Extensions */,
			);
			name = "Embed Foundation Extensions";
		};
/* End PBXCopyFilesBuildPhase section */

/* Begin PBXFileReference section */
		0D4FD1B92DB27BFE00CA6DB1 /* Moments Social.app */ = {isa = PBXFileReference; explicitFileType = wrapper.application; includeInIndex = 0; path = "Moments Social.app"; sourceTree = BUILT_PRODUCTS_DIR; };
		368B7D822DE792C2001D7971 /* Moments.entitlements */ = {isa = PBXFileReference; lastKnownFileType = text.plist.entitlements; path = Moments.entitlements; sourceTree = "<group>"; };
		36A036DE2F38B220002B2937 /* MomentsNotificationService.appex */ = {isa = PBXFileReference; explicitFileType = "wrapper.app-extension"; includeInIndex = 0; path = MomentsNotificationService.appex; sourceTree = BUILT_PRODUCTS_DIR; };
		36AD0CE62EE1D97100C4FC30 /* GlowsyWidgetExtensionExtension.entitlements */ = {isa = PBXFileReference; lastKnownFileType = text.plist.entitlements; path = GlowsyWidgetExtensionExtension.entitlements; sourceTree = "<group>"; };
		36BDF3FC2ED7DD7800683AB4 /* GlowsyWidgetExtensionExtension.appex */ = {isa = PBXFileReference; explicitFileType = "wrapper.app-extension"; includeInIndex = 0; path = GlowsyWidgetExtensionExtension.appex; sourceTree = BUILT_PRODUCTS_DIR; };
		36BDF3FE2ED7DD7800683AB4 /* WidgetKit.framework */ = {isa = PBXFileReference; lastKnownFileType = wrapper.framework; name = WidgetKit.framework; path = System/Library/Frameworks/WidgetKit.framework; sourceTree = SDKROOT; };
		36BDF4002ED7DD7800683AB4 /* SwiftUI.framework */ = {isa = PBXFileReference; lastKnownFileType = wrapper.framework; name = SwiftUI.framework; path = System/Library/Frameworks/SwiftUI.framework; sourceTree = SDKROOT; };
		7A6D2F202F5A120100A1B2C3 /* IncognitoActivityAttributes.swift */ = {isa = PBXFileReference; lastKnownFileType = sourcecode.swift; path = IncognitoActivityAttributes.swift; sourceTree = "<group>"; };
		7A6D2F232F5A1A0100A1B2C3 /* PauseIncognitoIntent.swift */ = {isa = PBXFileReference; lastKnownFileType = sourcecode.swift; path = PauseIncognitoIntent.swift; sourceTree = "<group>"; };
		7A6D2F262F5A2B0100A1B2C3 /* MessageIngestQueue.swift */ = {isa = PBXFileReference; lastKnownFileType = sourcecode.swift; path = MessageIngestQueue.swift; sourceTree = "<group>"; };
		7A6D2F292F5A2C0100A1B2C3 /* ChatCommunicationIntentDonor.swift */ = {isa = PBXFileReference; lastKnownFileType = sourcecode.swift; path = ChatCommunicationIntentDonor.swift; sourceTree = "<group>"; };
		7A6D2F2C2F5A2D0100A1B2C3 /* ChatPreviewPrivacy.swift */ = {isa = PBXFileReference; lastKnownFileType = sourcecode.swift; path = ChatPreviewPrivacy.swift; sourceTree = "<group>"; };
/* End PBXFileReference section */

/* Begin PBXFileSystemSynchronizedBuildFileExceptionSet section */
		367984D62DE3A7BD006A5C5D /* Exceptions for "Moments" folder in "Moments Social" target */ = {
			isa = PBXFileSystemSynchronizedBuildFileExceptionSet;
			membershipExceptions = (
				Info.plist,
			);
			target = 0D4FD1B82DB27BFE00CA6DB1 /* Moments Social */;
		};
		36A036E92F38B220002B2937 /* Exceptions for "MomentsNotificationService" folder in "MomentsNotificationService" target */ = {
			isa = PBXFileSystemSynchronizedBuildFileExceptionSet;
			membershipExceptions = (
				Info.plist,
			);
			target = 36A036DD2F38B220002B2937 /* MomentsNotificationService */;
		};
		36A036F22F38B61A002B2937 /* Exceptions for "Moments" folder in "MomentsNotificationService" target */ = {
			isa = PBXFileSystemSynchronizedBuildFileExceptionSet;
			membershipExceptions = (
				"GoogleService-Info.plist",
			);
			target = 36A036DD2F38B220002B2937 /* MomentsNotificationService */;
		};
		36A036F42F38B65F002B2937 /* Exceptions for "Moments" folder in "GlowsyWidgetExtensionExtension" target */ = {
			isa = PBXFileSystemSynchronizedBuildFileExceptionSet;
			membershipExceptions = (
				"GoogleService-Info.plist",
			);
			target = 36BDF3FB2ED7DD7800683AB4 /* GlowsyWidgetExtensionExtension */;
		};
		36BDF4162ED7DD7B00683AB4 /* Exceptions for "GlowsyWidgetExtension" folder in "GlowsyWidgetExtensionExtension" target */ = {
			isa = PBXFileSystemSynchronizedBuildFileExceptionSet;
			membershipExceptions = (
				Info.plist,
			);
			target = 36BDF3FB2ED7DD7800683AB4 /* GlowsyWidgetExtensionExtension */;
		};
/* End PBXFileSystemSynchronizedBuildFileExceptionSet section */

/* Begin PBXFileSystemSynchronizedRootGroup section */
		0D4FD1BB2DB27BFE00CA6DB1 /* Moments */ = {
			isa = PBXFileSystemSynchronizedRootGroup;
			exceptions = (
				367984D62DE3A7BD006A5C5D /* Exceptions for "Moments" folder in "Moments Social" target */,
				36A036F42F38B65F002B2937 /* Exceptions for "Moments" folder in "GlowsyWidgetExtensionExtension" target */,
				36A036F22F38B61A002B2937 /* Exceptions for "Moments" folder in "MomentsNotificationService" target */,
			);
			path = Moments;
			sourceTree = "<group>";
		};
		36A036DF2F38B220002B2937 /* MomentsNotificationService */ = {
			isa = PBXFileSystemSynchronizedRootGroup;
			exceptions = (
				36A036E92F38B220002B2937 /* Exceptions for "MomentsNotificationService" folder in "MomentsNotificationService" target */,
			);
			path = MomentsNotificationService;
			sourceTree = "<group>";
		};
		36BDF4022ED7DD7800683AB4 /* GlowsyWidgetExtension */ = {
			isa = PBXFileSystemSynchronizedRootGroup;
			exceptions = (
				36BDF4162ED7DD7B00683AB4 /* Exceptions for "GlowsyWidgetExtension" folder in "GlowsyWidgetExtensionExtension" target */,
			);
			path = GlowsyWidgetExtension;
			sourceTree = "<group>";
		};
/* End PBXFileSystemSynchronizedRootGroup section */

/* Begin PBXFrameworksBuildPhase section */
		0D4FD1B62DB27BFE00CA6DB1 /* Frameworks */ = {
			isa = PBXFrameworksBuildPhase;
			files = (
				368B7D842DE79DC6001D7971 /* FirebaseMessaging in Frameworks */,
				36267A602E06374300A99130 /* CropViewController in Frameworks */,
				369D7AC82DE9EACD005F30AB /* Kingfisher in Frameworks */,
				36CE4D4E2E0DEE4400901FD0 /* GoogleMobileAds in Frameworks */,
				0D4FD1FD2DB2818900CA6DB1 /* FirebaseAuth in Frameworks */,
				0DFC6C872DB6E1BE0067BA36 /* FirebaseStorage in Frameworks */,
				36748B7F2DE112DD0094D43D /* FirebaseAI in Frameworks */,
				0DFC6C852DB6E1BE0067BA36 /* FirebaseCore in Frameworks */,
				36267A622E06374300A99130 /* TOCropViewController in Frameworks */,
				0D4FD1FF2DB2818900CA6DB1 /* FirebaseFirestore in Frameworks */,
				36A036D32F36BCDB002B2937 /* GoogleUserMessagingPlatform in Frameworks */,
				36CE4D382E0A18F400901FD0 /* ZIPFoundation in Frameworks */,
			);
		};
		36A036DB2F38B220002B2937 /* Frameworks */ = {
			isa = PBXFrameworksBuildPhase;
			files = (
				36A036F02F38B5B2002B2937 /* FirebaseMessaging in Frameworks */,
				36A036EC2F38B596002B2937 /* FirebaseAuth in Frameworks */,
				36A036EE2F38B59C002B2937 /* FirebaseFirestore in Frameworks */,
			);
		};
		36BDF3F92ED7DD7800683AB4 /* Frameworks */ = {
			isa = PBXFrameworksBuildPhase;
			files = (
				36BDF4012ED7DD7800683AB4 /* SwiftUI.framework in Frameworks */,
				36BDF3FF2ED7DD7800683AB4 /* WidgetKit.framework in Frameworks */,
			);
		};
/* End PBXFrameworksBuildPhase section */

/* Begin PBXGroup section */
		0D4FD1B02DB27BFE00CA6DB1 = {
			isa = PBXGroup;
			children = (
				36AD0CE62EE1D97100C4FC30 /* GlowsyWidgetExtensionExtension.entitlements */,
				368B7D822DE792C2001D7971 /* Moments.entitlements */,
				7A6D2F1F2F5A120100A1B2C3 /* Shared */,
				0D4FD1BB2DB27BFE00CA6DB1 /* Moments */,
				36BDF4022ED7DD7800683AB4 /* GlowsyWidgetExtension */,
				36A036DF2F38B220002B2937 /* MomentsNotificationService */,
				36BDF3FD2ED7DD7800683AB4 /* Frameworks */,
				0D4FD1BA2DB27BFE00CA6DB1 /* Products */,
			);
			sourceTree = "<group>";
		};
		0D4FD1BA2DB27BFE00CA6DB1 /* Products */ = {
			isa = PBXGroup;
			children = (
				0D4FD1B92DB27BFE00CA6DB1 /* Moments Social.app */,
				36BDF3FC2ED7DD7800683AB4 /* GlowsyWidgetExtensionExtension.appex */,
				36A036DE2F38B220002B2937 /* MomentsNotificationService.appex */,
			);
			name = Products;
			sourceTree = "<group>";
		};
		36BDF3FD2ED7DD7800683AB4 /* Frameworks */ = {
			isa = PBXGroup;
			children = (
				36BDF3FE2ED7DD7800683AB4 /* WidgetKit.framework */,
				36BDF4002ED7DD7800683AB4 /* SwiftUI.framework */,
			);
			name = Frameworks;
			sourceTree = "<group>";
		};
		7A6D2F1F2F5A120100A1B2C3 /* Shared */ = {
			isa = PBXGroup;
			children = (
				7A6D2F202F5A120100A1B2C3 /* IncognitoActivityAttributes.swift */,
				7A6D2F232F5A1A0100A1B2C3 /* PauseIncognitoIntent.swift */,
				7A6D2F262F5A2B0100A1B2C3 /* MessageIngestQueue.swift */,
				7A6D2F292F5A2C0100A1B2C3 /* ChatCommunicationIntentDonor.swift */,
				7A6D2F2C2F5A2D0100A1B2C3 /* ChatPreviewPrivacy.swift */,
			);
			path = Shared;
			sourceTree = "<group>";
		};
/* End PBXGroup section */

/* Begin PBXNativeTarget section */
		0D4FD1B82DB27BFE00CA6DB1 /* Moments Social */ = {
			isa = PBXNativeTarget;
			buildConfigurationList = 0D4FD1C42DB27C0000CA6DB1 /* Build configuration list for PBXNativeTarget "Moments Social" */;
			buildPhases = (
				0D4FD1B52DB27BFE00CA6DB1 /* Sources */,
				0D4FD1B62DB27BFE00CA6DB1 /* Frameworks */,
				0D4FD1B72DB27BFE00CA6DB1 /* Resources */,
				36BDF4172ED7DD7B00683AB4 /* Embed Foundation Extensions */,
			);
			buildRules = (
			);
			dependencies = (
				36BDF4112ED7DD7B00683AB4 /* PBXTargetDependency */,
				36A036E42F38B220002B2937 /* PBXTargetDependency */,
			);
			fileSystemSynchronizedGroups = (
				0D4FD1BB2DB27BFE00CA6DB1 /* Moments */,
			);
			name = "Moments Social";
			packageProductDependencies = (
				0D4FD1FC2DB2818900CA6DB1 /* FirebaseAuth */,
				0D4FD1FE2DB2818900CA6DB1 /* FirebaseFirestore */,
				0DFC6C842DB6E1BE0067BA36 /* FirebaseCore */,
				0DFC6C862DB6E1BE0067BA36 /* FirebaseStorage */,
				36748B7E2DE112DD0094D43D /* FirebaseAI */,
				368B7D832DE79DC6001D7971 /* FirebaseMessaging */,
				369D7AC72DE9EACD005F30AB /* Kingfisher */,
				36267A5F2E06374300A99130 /* CropViewController */,
				36267A612E06374300A99130 /* TOCropViewController */,
				36CE4D372E0A18F400901FD0 /* ZIPFoundation */,
				36CE4D4D2E0DEE4400901FD0 /* GoogleMobileAds */,
				36A036D22F36BCDB002B2937 /* GoogleUserMessagingPlatform */,
			);
			productName = Moments;
			productReference = 0D4FD1B92DB27BFE00CA6DB1 /* Moments Social.app */;
			productType = "com.apple.product-type.application";
		};
		36A036DD2F38B220002B2937 /* MomentsNotificationService */ = {
			isa = PBXNativeTarget;
			buildConfigurationList = 36A036E62F38B220002B2937 /* Build configuration list for PBXNativeTarget "MomentsNotificationService" */;
			buildPhases = (
				36A036DA2F38B220002B2937 /* Sources */,
				36A036DB2F38B220002B2937 /* Frameworks */,
				36A036DC2F38B220002B2937 /* Resources */,
			);
			buildRules = (
			);
			fileSystemSynchronizedGroups = (
				36A036DF2F38B220002B2937 /* MomentsNotificationService */,
			);
			name = MomentsNotificationService;
			packageProductDependencies = (
				36A036EB2F38B596002B2937 /* FirebaseAuth */,
				36A036ED2F38B59C002B2937 /* FirebaseFirestore */,
				36A036EF2F38B5B2002B2937 /* FirebaseMessaging */,
			);
			productName = MomentsNotificationService;
			productReference = 36A036DE2F38B220002B2937 /* MomentsNotificationService.appex */;
			productType = "com.apple.product-type.app-extension";
		};
		36BDF3FB2ED7DD7800683AB4 /* GlowsyWidgetExtensionExtension */ = {
			isa = PBXNativeTarget;
			buildConfigurationList = 36BDF4132ED7DD7B00683AB4 /* Build configuration list for PBXNativeTarget "GlowsyWidgetExtensionExtension" */;
			buildPhases = (
				36BDF3F82ED7DD7800683AB4 /* Sources */,
				36BDF3F92ED7DD7800683AB4 /* Frameworks */,
				36BDF3FA2ED7DD7800683AB4 /* Resources */,
			);
			buildRules = (
			);
			fileSystemSynchronizedGroups = (
				36BDF4022ED7DD7800683AB4 /* GlowsyWidgetExtension */,
			);
			name = GlowsyWidgetExtensionExtension;
			productName = GlowsyWidgetExtensionExtension;
			productReference = 36BDF3FC2ED7DD7800683AB4 /* GlowsyWidgetExtensionExtension.appex */;
			productType = "com.apple.product-type.app-extension";
		};
/* End PBXNativeTarget section */

/* Begin PBXProject section */
		0D4FD1B12DB27BFE00CA6DB1 /* Project object */ = {
			isa = PBXProject;
			attributes = {
				BuildIndependentTargetsInParallel = 1;
				KnownAssetTags = (
					New,
				);
				LastSwiftUpdateCheck = 2600;
				LastUpgradeCheck = 2650;
				TargetAttributes = {
					0D4FD1B82DB27BFE00CA6DB1 = {
						CreatedOnToolsVersion = 16.3;
					};
					36A036DD2F38B220002B2937 = {
						CreatedOnToolsVersion = 26.0;
					};
					36BDF3FB2ED7DD7800683AB4 = {
						CreatedOnToolsVersion = 26.0;
					};
				};
			};
			buildConfigurationList = 0D4FD1B42DB27BFE00CA6DB1 /* Build configuration list for PBXProject "Moments" */;
			developmentRegion = en;
			hasScannedForEncodings = 0;
			knownRegions = (
				en,
				Base,
				es,
				ca,
				"pt-PT",
				de,
				"pt-BR",
				fr,
				it,
			);
			mainGroup = 0D4FD1B02DB27BFE00CA6DB1;
			minimizedProjectReferenceProxies = 1;
			packageReferences = (
				0D4FD1FB2DB2818900CA6DB1 /* XCRemoteSwiftPackageReference "firebase-ios-sdk" */,
				369D7AC62DE9EACD005F30AB /* XCRemoteSwiftPackageReference "Kingfisher" */,
				36267A5E2E06374300A99130 /* XCRemoteSwiftPackageReference "TOCropViewController" */,
				36CE4D362E0A18F400901FD0 /* XCRemoteSwiftPackageReference "ZIPFoundation" */,
				36CE4D4C2E0DEE4400901FD0 /* XCRemoteSwiftPackageReference "swift-package-manager-google-mobile-ads" */,
				36A036D12F36BCDB002B2937 /* XCRemoteSwiftPackageReference "swift-package-manager-google-user-messaging-platform" */,
			);
			preferredProjectObjectVersion = 100;
			productRefGroup = 0D4FD1BA2DB27BFE00CA6DB1 /* Products */;
			projectDirPath = "";
			projectRoot = "";
			targets = (
				0D4FD1B82DB27BFE00CA6DB1 /* Moments Social */,
				36BDF3FB2ED7DD7800683AB4 /* GlowsyWidgetExtensionExtension */,
				36A036DD2F38B220002B2937 /* MomentsNotificationService */,
			);
		};
/* End PBXProject section */

/* Begin PBXResourcesBuildPhase section */
		0D4FD1B72DB27BFE00CA6DB1 /* Resources */ = {
			isa = PBXResourcesBuildPhase;
			files = (
			);
		};
		36A036DC2F38B220002B2937 /* Resources */ = {
			isa = PBXResourcesBuildPhase;
			files = (
			);
		};
		36BDF3FA2ED7DD7800683AB4 /* Resources */ = {
			isa = PBXResourcesBuildPhase;
			files = (
			);
		};
/* End PBXResourcesBuildPhase section */

/* Begin PBXSourcesBuildPhase section */
		0D4FD1B52DB27BFE00CA6DB1 /* Sources */ = {
			isa = PBXSourcesBuildPhase;
			files = (
				7A6D2F212F5A120100A1B2C3 /* IncognitoActivityAttributes.swift in Sources */,
				7A6D2F242F5A1A0100A1B2C3 /* PauseIncognitoIntent.swift in Sources */,
				7A6D2F272F5A2B0100A1B2C3 /* MessageIngestQueue.swift in Sources */,
				7A6D2F2A2F5A2C0100A1B2C3 /* ChatCommunicationIntentDonor.swift in Sources */,
				7A6D2F2D2F5A2D0100A1B2C3 /* ChatPreviewPrivacy.swift in Sources */,
			);
		};
		36A036DA2F38B220002B2937 /* Sources */ = {
			isa = PBXSourcesBuildPhase;
			files = (
				7A6D2F282F5A2B0100A1B2C3 /* MessageIngestQueue.swift in Sources */,
				7A6D2F2B2F5A2C0100A1B2C3 /* ChatCommunicationIntentDonor.swift in Sources */,
				7A6D2F2E2F5A2D0100A1B2C3 /* ChatPreviewPrivacy.swift in Sources */,
			);
		};
		36BDF3F82ED7DD7800683AB4 /* Sources */ = {
			isa = PBXSourcesBuildPhase;
			files = (
				7A6D2F222F5A120100A1B2C3 /* IncognitoActivityAttributes.swift in Sources */,
				7A6D2F252F5A1A0100A1B2C3 /* PauseIncognitoIntent.swift in Sources */,
			);
		};
/* End PBXSourcesBuildPhase section */

/* Begin PBXTargetDependency section */
		36A036E42F38B220002B2937 /* PBXTargetDependency */ = {
			isa = PBXTargetDependency;
			target = 36A036DD2F38B220002B2937 /* MomentsNotificationService */;
			targetProxy = 36A036E32F38B220002B2937 /* PBXContainerItemProxy */;
		};
		36BDF4112ED7DD7B00683AB4 /* PBXTargetDependency */ = {
			isa = PBXTargetDependency;
			target = 36BDF3FB2ED7DD7800683AB4 /* GlowsyWidgetExtensionExtension */;
			targetProxy = 36BDF4102ED7DD7B00683AB4 /* PBXContainerItemProxy */;
		};
/* End PBXTargetDependency section */

/* Begin XCBuildConfiguration section */
		0D4FD1C22DB27C0000CA6DB1 /* Debug configuration for PBXProject "Moments" */ = {
			isa = XCBuildConfiguration;
			buildSettings = {
				ALWAYS_SEARCH_USER_PATHS = NO;
				ASSETCATALOG_COMPILER_GENERATE_SWIFT_ASSET_SYMBOL_EXTENSIONS = YES;
				CLANG_ANALYZER_LOCALIZABILITY_NONLOCALIZED = YES;
				CLANG_ANALYZER_NONNULL = YES;
				CLANG_ANALYZER_NUMBER_OBJECT_CONVERSION = YES_AGGRESSIVE;
				CLANG_CXX_LANGUAGE_STANDARD = "gnu++20";
				CLANG_ENABLE_MODULES = YES;
				CLANG_ENABLE_OBJC_ARC = YES;
				CLANG_ENABLE_OBJC_WEAK = YES;
				CLANG_WARN_BLOCK_CAPTURE_AUTORELEASING = YES;
				CLANG_WARN_BOOL_CONVERSION = YES;
				CLANG_WARN_COMMA = YES;
				CLANG_WARN_CONSTANT_CONVERSION = YES;
				CLANG_WARN_DEPRECATED_OBJC_IMPLEMENTATIONS = YES;
				CLANG_WARN_DIRECT_OBJC_ISA_USAGE = YES_ERROR;
				CLANG_WARN_DOCUMENTATION_COMMENTS = YES;
				CLANG_WARN_EMPTY_BODY = YES;
				CLANG_WARN_ENUM_CONVERSION = YES;
				CLANG_WARN_INFINITE_RECURSION = YES;
				CLANG_WARN_INT_CONVERSION = YES;
				CLANG_WARN_NON_LITERAL_NULL_CONVERSION = YES;
				CLANG_WARN_OBJC_IMPLICIT_RETAIN_SELF = YES;
				CLANG_WARN_OBJC_LITERAL_CONVERSION = YES;
				CLANG_WARN_OBJC_ROOT_CLASS = YES_ERROR;
				CLANG_WARN_QUOTED_INCLUDE_IN_FRAMEWORK_HEADER = YES;
				CLANG_WARN_RANGE_LOOP_ANALYSIS = YES;
				CLANG_WARN_STRICT_PROTOTYPES = YES;
				CLANG_WARN_SUSPICIOUS_MOVE = YES;
				CLANG_WARN_UNGUARDED_AVAILABILITY = YES_AGGRESSIVE;
				CLANG_WARN_UNREACHABLE_CODE = YES;
				CLANG_WARN__DUPLICATE_METHOD_MATCH = YES;
				COPY_PHASE_STRIP = NO;
				DEBUG_INFORMATION_FORMAT = dwarf;
				DEVELOPMENT_TEAM = 6T7NTUGU3C;
				ENABLE_STRICT_OBJC_MSGSEND = YES;
				ENABLE_TESTABILITY = YES;
				ENABLE_USER_SCRIPT_SANDBOXING = YES;
				GCC_C_LANGUAGE_STANDARD = gnu17;
				GCC_DYNAMIC_NO_PIC = NO;
				GCC_NO_COMMON_BLOCKS = YES;
				GCC_OPTIMIZATION_LEVEL = 0;
				GCC_PREPROCESSOR_DEFINITIONS = (
					"DEBUG=1",
					"$(inherited)",
				);
				GCC_WARN_64_TO_32_BIT_CONVERSION = YES;
				GCC_WARN_ABOUT_RETURN_TYPE = YES_ERROR;
				GCC_WARN_UNDECLARED_SELECTOR = YES;
				GCC_WARN_UNINITIALIZED_AUTOS = YES_AGGRESSIVE;
				GCC_WARN_UNUSED_FUNCTION = YES;
				GCC_WARN_UNUSED_VARIABLE = YES;
				IPHONEOS_DEPLOYMENT_TARGET = 18.6;
				LOCALIZATION_PREFERS_STRING_CATALOGS = YES;
				MTL_ENABLE_DEBUG_INFO = INCLUDE_SOURCE;
				MTL_FAST_MATH = YES;
				ONLY_ACTIVE_ARCH = YES;
				SDKROOT = iphoneos;
				STRING_CATALOG_GENERATE_SYMBOLS = YES;
				SWIFT_ACTIVE_COMPILATION_CONDITIONS = "DEBUG $(inherited)";
				SWIFT_OPTIMIZATION_LEVEL = "-Onone";
				SWIFT_VERSION = 6.0;
			};
			name = Debug;
		};
		0D4FD1C32DB27C0000CA6DB1 /* Release configuration for PBXProject "Moments" */ = {
			isa = XCBuildConfiguration;
			buildSettings = {
				ALWAYS_SEARCH_USER_PATHS = NO;
				ASSETCATALOG_COMPILER_GENERATE_SWIFT_ASSET_SYMBOL_EXTENSIONS = YES;
				CLANG_ANALYZER_LOCALIZABILITY_NONLOCALIZED = YES;
				CLANG_ANALYZER_NONNULL = YES;
				CLANG_ANALYZER_NUMBER_OBJECT_CONVERSION = YES_AGGRESSIVE;
				CLANG_CXX_LANGUAGE_STANDARD = "gnu++20";
				CLANG_ENABLE_MODULES = YES;
				CLANG_ENABLE_OBJC_ARC = YES;
				CLANG_ENABLE_OBJC_WEAK = YES;
				CLANG_WARN_BLOCK_CAPTURE_AUTORELEASING = YES;
				CLANG_WARN_BOOL_CONVERSION = YES;
				CLANG_WARN_COMMA = YES;
				CLANG_WARN_CONSTANT_CONVERSION = YES;
				CLANG_WARN_DEPRECATED_OBJC_IMPLEMENTATIONS = YES;
				CLANG_WARN_DIRECT_OBJC_ISA_USAGE = YES_ERROR;
				CLANG_WARN_DOCUMENTATION_COMMENTS = YES;
				CLANG_WARN_EMPTY_BODY = YES;
				CLANG_WARN_ENUM_CONVERSION = YES;
				CLANG_WARN_INFINITE_RECURSION = YES;
				CLANG_WARN_INT_CONVERSION = YES;
				CLANG_WARN_NON_LITERAL_NULL_CONVERSION = YES;
				CLANG_WARN_OBJC_IMPLICIT_RETAIN_SELF = YES;
				CLANG_WARN_OBJC_LITERAL_CONVERSION = YES;
				CLANG_WARN_OBJC_ROOT_CLASS = YES_ERROR;
				CLANG_WARN_QUOTED_INCLUDE_IN_FRAMEWORK_HEADER = YES;
				CLANG_WARN_RANGE_LOOP_ANALYSIS = YES;
				CLANG_WARN_STRICT_PROTOTYPES = YES;
				CLANG_WARN_SUSPICIOUS_MOVE = YES;
				CLANG_WARN_UNGUARDED_AVAILABILITY = YES_AGGRESSIVE;
				CLANG_WARN_UNREACHABLE_CODE = YES;
				CLANG_WARN__DUPLICATE_METHOD_MATCH = YES;
				COPY_PHASE_STRIP = YES;
				DEAD_CODE_STRIPPING = YES;
				DEBUG_INFORMATION_FORMAT = "dwarf-with-dsym";
				DEVELOPMENT_TEAM = 6T7NTUGU3C;
				ENABLE_NS_ASSERTIONS = NO;
				ENABLE_STRICT_OBJC_MSGSEND = YES;
				ENABLE_USER_SCRIPT_SANDBOXING = YES;
				GCC_C_LANGUAGE_STANDARD = gnu17;
				GCC_NO_COMMON_BLOCKS = YES;
				GCC_WARN_64_TO_32_BIT_CONVERSION = YES;
				GCC_WARN_ABOUT_RETURN_TYPE = YES_ERROR;
				GCC_WARN_UNDECLARED_SELECTOR = YES;
				GCC_WARN_UNINITIALIZED_AUTOS = YES_AGGRESSIVE;
				GCC_WARN_UNUSED_FUNCTION = YES;
				GCC_WARN_UNUSED_VARIABLE = YES;
				IPHONEOS_DEPLOYMENT_TARGET = 18.6;
				LLVM_LTO = thin;
				LOCALIZATION_PREFERS_STRING_CATALOGS = YES;
				MTL_ENABLE_DEBUG_INFO = NO;
				MTL_FAST_MATH = YES;
				SDKROOT = iphoneos;
				STRING_CATALOG_GENERATE_SYMBOLS = YES;
				STRIP_DEBUG_SYMBOLS = YES;
				SWIFT_COMPILATION_MODE = wholemodule;
				SWIFT_OPTIMIZATION_LEVEL = "-Osize";
				SWIFT_VERSION = 6.0;
				VALIDATE_PRODUCT = YES;
			};
			name = Release;
		};
		0D4FD1C52DB27C0000CA6DB1 /* Debug configuration for PBXNativeTarget "Moments Social" */ = {
			isa = XCBuildConfiguration;
			buildSettings = {
				ASSETCATALOG_COMPILER_APPICON_NAME = AppIcon;
				ASSETCATALOG_COMPILER_GLOBAL_ACCENT_COLOR_NAME = AccentColor;
				ASSETCATALOG_COMPILER_INCLUDE_ALL_APPICON_ASSETS = YES;
				CODE_SIGN_ENTITLEMENTS = Moments.entitlements;
				CODE_SIGN_IDENTITY = "Apple Development";
				CODE_SIGN_STYLE = Automatic;
				CURRENT_PROJECT_VERSION = 1;
				DEVELOPMENT_TEAM = 6T7NTUGU3C;
				ENABLE_PREVIEWS = YES;
				GENERATE_INFOPLIST_FILE = YES;
				INFOPLIST_FILE = Moments/Info.plist;
				INFOPLIST_KEY_CFBundleDisplayName = "Moments Social";
				INFOPLIST_KEY_ITSAppUsesNonExemptEncryption = NO;
				INFOPLIST_KEY_LSApplicationCategoryType = "public.app-category.social-networking";
				INFOPLIST_KEY_LSSupportsOpeningDocumentsInPlace = YES;
				INFOPLIST_KEY_NSCameraUsageDescription = "Permite usar la cámara para capturar fotos y vídeos para tus historias, momentos y perfil.";
				INFOPLIST_KEY_NSLocationAlwaysAndWhenInUseUsageDescription = "Necesitamos tu ubicación para mostrarte contenido cercano y etiquetar tus momentos.";
				INFOPLIST_KEY_NSLocationAlwaysUsageDescription = "Permite usar tu ubicación en segundo plano para mostrarte contenido cercano y etiquetar tus momentos.";
				INFOPLIST_KEY_NSLocationWhenInUseUsageDescription = "Permite usar tu ubicación para etiquetar publicaciones, mostrar contenido cercano y mejorar las sugerencias de Nova AI.";
				INFOPLIST_KEY_NSMicrophoneUsageDescription = "Permite usar el micrófono para grabar audio en tus historias y mensajes de voz.";
				INFOPLIST_KEY_NSPhotoLibraryAddUsageDescription = "Permite guardar fotos y vídeos (como tu código QR o historias editadas) directamente en tu galería.";
				INFOPLIST_KEY_NSPhotoLibraryUsageDescription = "Permite el acceso a tu galería para subir fotos a tus historias, cambiar tu foto de perfil y permitir que Nova AI analice tus imágenes.";
				INFOPLIST_KEY_NSSupportsLiveActivities = YES;
				INFOPLIST_KEY_NSSupportsLiveActivitiesFrequentUpdates = YES;
				INFOPLIST_KEY_NSUserTrackingUsageDescription = "Este identificador se usará para mostrarte anuncios personalizados y mejorar tu experiencia en la app.";
				INFOPLIST_KEY_UIApplicationSceneManifest_Generation = YES;
				INFOPLIST_KEY_UIApplicationSupportsIndirectInputEvents = YES;
				INFOPLIST_KEY_UILaunchScreen_Generation = YES;
				INFOPLIST_KEY_UILaunchStoryboardName = LaunchScreen;
				INFOPLIST_KEY_UIStatusBarStyle = "";
				INFOPLIST_KEY_UISupportedInterfaceOrientations = UIInterfaceOrientationPortrait;
				IPHONEOS_DEPLOYMENT_TARGET = 18.6;
				LD_RUNPATH_SEARCH_PATHS = "$(inherited)";
				LIBRARY_SEARCH_PATHS = (
					"$(inherited)",
					"$(PROJECT_DIR)/Moments/Resources/AudienceIcons/alternatives/.venv/lib/python3.14/site-packages/PIL/.dylibs",
				);
				MARKETING_VERSION = 2.15;
				PRODUCT_BUNDLE_IDENTIFIER = com.glowsyapp;
				PRODUCT_NAME = "$(TARGET_NAME)";
				PROVISIONING_PROFILE_SPECIFIER = "";
				SUPPORTED_PLATFORMS = "iphoneos iphonesimulator";
				SUPPORTS_MACCATALYST = NO;
				SUPPORTS_MAC_DESIGNED_FOR_IPHONE_IPAD = NO;
				SUPPORTS_XR_DESIGNED_FOR_IPHONE_IPAD = NO;
				SWIFT_EMIT_LOC_STRINGS = YES;
				SWIFT_VERSION = 5.0;
				TARGETED_DEVICE_FAMILY = 1;
			};
			name = Debug;
		};
		0D4FD1C62DB27C0000CA6DB1 /* Release configuration for PBXNativeTarget "Moments Social" */ = {
			isa = XCBuildConfiguration;
			buildSettings = {
				ASSETCATALOG_COMPILER_APPICON_NAME = AppIcon;
				ASSETCATALOG_COMPILER_GLOBAL_ACCENT_COLOR_NAME = AccentColor;
				ASSETCATALOG_COMPILER_INCLUDE_ALL_APPICON_ASSETS = YES;
				CODE_SIGN_ENTITLEMENTS = Moments.entitlements;
				CODE_SIGN_IDENTITY = "Apple Development";
				CODE_SIGN_STYLE = Automatic;
				CURRENT_PROJECT_VERSION = 1;
				DEVELOPMENT_TEAM = 6T7NTUGU3C;
				ENABLE_PREVIEWS = YES;
				GENERATE_INFOPLIST_FILE = YES;
				INFOPLIST_FILE = Moments/Info.plist;
				INFOPLIST_KEY_CFBundleDisplayName = "Moments Social";
				INFOPLIST_KEY_ITSAppUsesNonExemptEncryption = NO;
				INFOPLIST_KEY_LSApplicationCategoryType = "public.app-category.social-networking";
				INFOPLIST_KEY_LSSupportsOpeningDocumentsInPlace = YES;
				INFOPLIST_KEY_NSCameraUsageDescription = "Permite usar la cámara para capturar fotos y vídeos para tus historias, momentos y perfil.";
				INFOPLIST_KEY_NSLocationAlwaysAndWhenInUseUsageDescription = "Necesitamos tu ubicación para mostrarte contenido cercano y etiquetar tus momentos.";
				INFOPLIST_KEY_NSLocationAlwaysUsageDescription = "Permite usar tu ubicación en segundo plano para mostrarte contenido cercano y etiquetar tus momentos.";
				INFOPLIST_KEY_NSLocationWhenInUseUsageDescription = "Permite usar tu ubicación para etiquetar publicaciones, mostrar contenido cercano y mejorar las sugerencias de Nova AI.";
				INFOPLIST_KEY_NSMicrophoneUsageDescription = "Permite usar el micrófono para grabar audio en tus historias y mensajes de voz.";
				INFOPLIST_KEY_NSPhotoLibraryAddUsageDescription = "Permite guardar fotos y vídeos (como tu código QR o historias editadas) directamente en tu galería.";
				INFOPLIST_KEY_NSPhotoLibraryUsageDescription = "Permite el acceso a tu galería para subir fotos a tus historias, cambiar tu foto de perfil y permitir que Nova AI analice tus imágenes.";
				INFOPLIST_KEY_NSSupportsLiveActivities = YES;
				INFOPLIST_KEY_NSSupportsLiveActivitiesFrequentUpdates = YES;
				INFOPLIST_KEY_NSUserTrackingUsageDescription = "Este identificador se usará para mostrarte anuncios personalizados y mejorar tu experiencia en la app.";
				INFOPLIST_KEY_UIApplicationSceneManifest_Generation = YES;
				INFOPLIST_KEY_UIApplicationSupportsIndirectInputEvents = YES;
				INFOPLIST_KEY_UILaunchScreen_Generation = YES;
				INFOPLIST_KEY_UILaunchStoryboardName = LaunchScreen;
				INFOPLIST_KEY_UIStatusBarStyle = "";
				INFOPLIST_KEY_UISupportedInterfaceOrientations = UIInterfaceOrientationPortrait;
				IPHONEOS_DEPLOYMENT_TARGET = 18.6;
				LD_RUNPATH_SEARCH_PATHS = "$(inherited)";
				LIBRARY_SEARCH_PATHS = (
					"$(inherited)",
					"$(PROJECT_DIR)/Moments/Resources/AudienceIcons/alternatives/.venv/lib/python3.14/site-packages/PIL/.dylibs",
				);
				MARKETING_VERSION = 2.15;
				PRODUCT_BUNDLE_IDENTIFIER = com.glowsyapp;
				PRODUCT_NAME = "$(TARGET_NAME)";
				PROVISIONING_PROFILE_SPECIFIER = "";
				SUPPORTED_PLATFORMS = "iphoneos iphonesimulator";
				SUPPORTS_MACCATALYST = NO;
				SUPPORTS_MAC_DESIGNED_FOR_IPHONE_IPAD = NO;
				SUPPORTS_XR_DESIGNED_FOR_IPHONE_IPAD = NO;
				SWIFT_EMIT_LOC_STRINGS = YES;
				SWIFT_VERSION = 5.0;
				TARGETED_DEVICE_FAMILY = 1;
			};
			name = Release;
		};
		36A036E72F38B220002B2937 /* Debug configuration for PBXNativeTarget "MomentsNotificationService" */ = {
			isa = XCBuildConfiguration;
			buildSettings = {
				CODE_SIGN_ENTITLEMENTS = MomentsNotificationService/MomentsNotificationService.entitlements;
				CODE_SIGN_IDENTITY = "Apple Development";
				CODE_SIGN_STYLE = Automatic;
				CURRENT_PROJECT_VERSION = 1;
				DEVELOPMENT_TEAM = 6T7NTUGU3C;
				GENERATE_INFOPLIST_FILE = YES;
				INFOPLIST_FILE = MomentsNotificationService/Info.plist;
				INFOPLIST_KEY_CFBundleDisplayName = MomentsNotificationService;
				INFOPLIST_KEY_NSHumanReadableCopyright = "";
				IPHONEOS_DEPLOYMENT_TARGET = 18.6;
				LD_RUNPATH_SEARCH_PATHS = "$(inherited)";
				"LD_RUNPATH_SEARCH_PATHS[sdk=iphoneos*]" = (
					"$(inherited)",
					"@executable_path/../../Frameworks",
				);
				MARKETING_VERSION = 2.15;
				PRODUCT_BUNDLE_IDENTIFIER = com.glowsyapp.MomentsNotificationService;
				PRODUCT_NAME = "$(TARGET_NAME)";
				SKIP_INSTALL = YES;
				STRING_CATALOG_GENERATE_SYMBOLS = YES;
				SWIFT_APPROACHABLE_CONCURRENCY = YES;
				SWIFT_EMIT_LOC_STRINGS = YES;
				SWIFT_UPCOMING_FEATURE_MEMBER_IMPORT_VISIBILITY = YES;
				SWIFT_VERSION = 5.0;
				TARGETED_DEVICE_FAMILY = "1,2";
			};
			name = Debug;
		};
		36A036E82F38B220002B2937 /* Release configuration for PBXNativeTarget "MomentsNotificationService" */ = {
			isa = XCBuildConfiguration;
			buildSettings = {
				CODE_SIGN_ENTITLEMENTS = MomentsNotificationService/MomentsNotificationService.entitlements;
				CODE_SIGN_IDENTITY = "Apple Development";
				CODE_SIGN_STYLE = Automatic;
				COPY_PHASE_STRIP = NO;
				CURRENT_PROJECT_VERSION = 1;
				DEVELOPMENT_TEAM = 6T7NTUGU3C;
				GENERATE_INFOPLIST_FILE = YES;
				INFOPLIST_FILE = MomentsNotificationService/Info.plist;
				INFOPLIST_KEY_CFBundleDisplayName = MomentsNotificationService;
				INFOPLIST_KEY_NSHumanReadableCopyright = "";
				IPHONEOS_DEPLOYMENT_TARGET = 18.6;
				LD_RUNPATH_SEARCH_PATHS = "$(inherited)";
				"LD_RUNPATH_SEARCH_PATHS[sdk=iphoneos*]" = (
					"$(inherited)",
					"@executable_path/../../Frameworks",
				);
				MARKETING_VERSION = 2.15;
				PRODUCT_BUNDLE_IDENTIFIER = com.glowsyapp.MomentsNotificationService;
				PRODUCT_NAME = "$(TARGET_NAME)";
				SKIP_INSTALL = YES;
				STRING_CATALOG_GENERATE_SYMBOLS = YES;
				SWIFT_APPROACHABLE_CONCURRENCY = YES;
				SWIFT_EMIT_LOC_STRINGS = YES;
				SWIFT_UPCOMING_FEATURE_MEMBER_IMPORT_VISIBILITY = YES;
				SWIFT_VERSION = 5.0;
				TARGETED_DEVICE_FAMILY = "1,2";
			};
			name = Release;
		};
		36BDF4142ED7DD7B00683AB4 /* Debug configuration for PBXNativeTarget "GlowsyWidgetExtensionExtension" */ = {
			isa = XCBuildConfiguration;
			buildSettings = {
				ASSETCATALOG_COMPILER_GLOBAL_ACCENT_COLOR_NAME = AccentColor;
				ASSETCATALOG_COMPILER_WIDGET_BACKGROUND_COLOR_NAME = WidgetBackground;
				CODE_SIGN_ENTITLEMENTS = GlowsyWidgetExtensionExtension.entitlements;
				CODE_SIGN_IDENTITY = "Apple Development";
				CODE_SIGN_STYLE = Automatic;
				CURRENT_PROJECT_VERSION = 1;
				DEVELOPMENT_TEAM = 6T7NTUGU3C;
				GENERATE_INFOPLIST_FILE = YES;
				INFOPLIST_FILE = GlowsyWidgetExtension/Info.plist;
				INFOPLIST_KEY_CFBundleDisplayName = MomentsWidgetExtension;
				INFOPLIST_KEY_NSHumanReadableCopyright = "";
				IPHONEOS_DEPLOYMENT_TARGET = 18.6;
				LD_RUNPATH_SEARCH_PATHS = "$(inherited)";
				"LD_RUNPATH_SEARCH_PATHS[sdk=iphoneos*]" = (
					"$(inherited)",
					"@executable_path/../../Frameworks",
				);
				MARKETING_VERSION = 2.15;
				PRODUCT_BUNDLE_IDENTIFIER = com.glowsyapp.GlowsyWidgetExtension;
				PRODUCT_NAME = "$(TARGET_NAME)";
				SKIP_INSTALL = YES;
				STRING_CATALOG_GENERATE_SYMBOLS = YES;
				SWIFT_APPROACHABLE_CONCURRENCY = YES;
				SWIFT_EMIT_LOC_STRINGS = YES;
				SWIFT_UPCOMING_FEATURE_MEMBER_IMPORT_VISIBILITY = YES;
				SWIFT_VERSION = 5.0;
				TARGETED_DEVICE_FAMILY = "1,2";
			};
			name = Debug;
		};
		36BDF4152ED7DD7B00683AB4 /* Release configuration for PBXNativeTarget "GlowsyWidgetExtensionExtension" */ = {
			isa = XCBuildConfiguration;
			buildSettings = {
				ASSETCATALOG_COMPILER_GLOBAL_ACCENT_COLOR_NAME = AccentColor;
				ASSETCATALOG_COMPILER_WIDGET_BACKGROUND_COLOR_NAME = WidgetBackground;
				CODE_SIGN_ENTITLEMENTS = GlowsyWidgetExtensionExtension.entitlements;
				CODE_SIGN_IDENTITY = "Apple Development";
				CODE_SIGN_STYLE = Automatic;
				COPY_PHASE_STRIP = NO;
				CURRENT_PROJECT_VERSION = 1;
				DEVELOPMENT_TEAM = 6T7NTUGU3C;
				GENERATE_INFOPLIST_FILE = YES;
				INFOPLIST_FILE = GlowsyWidgetExtension/Info.plist;
				INFOPLIST_KEY_CFBundleDisplayName = MomentsWidgetExtension;
				INFOPLIST_KEY_NSHumanReadableCopyright = "";
				IPHONEOS_DEPLOYMENT_TARGET = 18.6;
				LD_RUNPATH_SEARCH_PATHS = "$(inherited)";
				"LD_RUNPATH_SEARCH_PATHS[sdk=iphoneos*]" = (
					"$(inherited)",
					"@executable_path/../../Frameworks",
				);
				MARKETING_VERSION = 2.15;
				PRODUCT_BUNDLE_IDENTIFIER = com.glowsyapp.GlowsyWidgetExtension;
				PRODUCT_NAME = "$(TARGET_NAME)";
				SKIP_INSTALL = YES;
				STRING_CATALOG_GENERATE_SYMBOLS = YES;
				SWIFT_APPROACHABLE_CONCURRENCY = YES;
				SWIFT_EMIT_LOC_STRINGS = YES;
				SWIFT_UPCOMING_FEATURE_MEMBER_IMPORT_VISIBILITY = YES;
				SWIFT_VERSION = 5.0;
				TARGETED_DEVICE_FAMILY = "1,2";
			};
			name = Release;
		};
/* End XCBuildConfiguration section */

/* Begin XCConfigurationList section */
		0D4FD1B42DB27BFE00CA6DB1 /* Build configuration list for PBXProject "Moments" */ = {
			isa = XCConfigurationList;
			buildConfigurations = (
				0D4FD1C22DB27C0000CA6DB1 /* Debug configuration for PBXProject "Moments" */,
				0D4FD1C32DB27C0000CA6DB1 /* Release configuration for PBXProject "Moments" */,
			);
			defaultConfigurationName = Release;
		};
		0D4FD1C42DB27C0000CA6DB1 /* Build configuration list for PBXNativeTarget "Moments Social" */ = {
			isa = XCConfigurationList;
			buildConfigurations = (
				0D4FD1C52DB27C0000CA6DB1 /* Debug configuration for PBXNativeTarget "Moments Social" */,
				0D4FD1C62DB27C0000CA6DB1 /* Release configuration for PBXNativeTarget "Moments Social" */,
			);
			defaultConfigurationName = Release;
		};
		36A036E62F38B220002B2937 /* Build configuration list for PBXNativeTarget "MomentsNotificationService" */ = {
			isa = XCConfigurationList;
			buildConfigurations = (
				36A036E72F38B220002B2937 /* Debug configuration for PBXNativeTarget "MomentsNotificationService" */,
				36A036E82F38B220002B2937 /* Release configuration for PBXNativeTarget "MomentsNotificationService" */,
			);
			defaultConfigurationName = Release;
		};
		36BDF4132ED7DD7B00683AB4 /* Build configuration list for PBXNativeTarget "GlowsyWidgetExtensionExtension" */ = {
			isa = XCConfigurationList;
			buildConfigurations = (
				36BDF4142ED7DD7B00683AB4 /* Debug configuration for PBXNativeTarget "GlowsyWidgetExtensionExtension" */,
				36BDF4152ED7DD7B00683AB4 /* Release configuration for PBXNativeTarget "GlowsyWidgetExtensionExtension" */,
			);
			defaultConfigurationName = Release;
		};
/* End XCConfigurationList section */

/* Begin XCRemoteSwiftPackageReference section */
		0D4FD1FB2DB2818900CA6DB1 /* XCRemoteSwiftPackageReference "firebase-ios-sdk" */ = {
			isa = XCRemoteSwiftPackageReference;
			repositoryURL = "https://github.com/firebase/firebase-ios-sdk";
			requirement = {
				kind = upToNextMajorVersion;
				minimumVersion = 12.15.0;
			};
		};
		36267A5E2E06374300A99130 /* XCRemoteSwiftPackageReference "TOCropViewController" */ = {
			isa = XCRemoteSwiftPackageReference;
			repositoryURL = "https://github.com/TimOliver/TOCropViewController";
			requirement = {
				kind = upToNextMajorVersion;
				minimumVersion = 2.7.4;
			};
		};
		369D7AC62DE9EACD005F30AB /* XCRemoteSwiftPackageReference "Kingfisher" */ = {
			isa = XCRemoteSwiftPackageReference;
			repositoryURL = "https://github.com/onevcat/Kingfisher.git";
			requirement = {
				kind = upToNextMajorVersion;
				minimumVersion = 8.3.2;
			};
		};
		36A036D12F36BCDB002B2937 /* XCRemoteSwiftPackageReference "swift-package-manager-google-user-messaging-platform" */ = {
			isa = XCRemoteSwiftPackageReference;
			repositoryURL = "https://github.com/googleads/swift-package-manager-google-user-messaging-platform.git";
			requirement = {
				kind = upToNextMajorVersion;
				minimumVersion = 3.1.0;
			};
		};
		36CE4D362E0A18F400901FD0 /* XCRemoteSwiftPackageReference "ZIPFoundation" */ = {
			isa = XCRemoteSwiftPackageReference;
			repositoryURL = "https://github.com/weichsel/ZIPFoundation.git";
			requirement = {
				kind = upToNextMajorVersion;
				minimumVersion = 0.9.19;
			};
		};
		36CE4D4C2E0DEE4400901FD0 /* XCRemoteSwiftPackageReference "swift-package-manager-google-mobile-ads" */ = {
			isa = XCRemoteSwiftPackageReference;
			repositoryURL = "https://github.com/googleads/swift-package-manager-google-mobile-ads.git";
			requirement = {
				kind = upToNextMajorVersion;
				minimumVersion = 12.6.0;
			};
		};
/* End XCRemoteSwiftPackageReference section */

/* Begin XCSwiftPackageProductDependency section */
		0D4FD1FC2DB2818900CA6DB1 /* FirebaseAuth */ = {
			isa = XCSwiftPackageProductDependency;
			package = 0D4FD1FB2DB2818900CA6DB1 /* XCRemoteSwiftPackageReference "firebase-ios-sdk" */;
			productName = FirebaseAuth;
		};
		0D4FD1FE2DB2818900CA6DB1 /* FirebaseFirestore */ = {
			isa = XCSwiftPackageProductDependency;
			package = 0D4FD1FB2DB2818900CA6DB1 /* XCRemoteSwiftPackageReference "firebase-ios-sdk" */;
			productName = FirebaseFirestore;
		};
		0DFC6C842DB6E1BE0067BA36 /* FirebaseCore */ = {
			isa = XCSwiftPackageProductDependency;
			package = 0D4FD1FB2DB2818900CA6DB1 /* XCRemoteSwiftPackageReference "firebase-ios-sdk" */;
			productName = FirebaseCore;
		};
		0DFC6C862DB6E1BE0067BA36 /* FirebaseStorage */ = {
			isa = XCSwiftPackageProductDependency;
			package = 0D4FD1FB2DB2818900CA6DB1 /* XCRemoteSwiftPackageReference "firebase-ios-sdk" */;
			productName = FirebaseStorage;
		};
		36267A5F2E06374300A99130 /* CropViewController */ = {
			isa = XCSwiftPackageProductDependency;
			package = 36267A5E2E06374300A99130 /* XCRemoteSwiftPackageReference "TOCropViewController" */;
			productName = CropViewController;
		};
		36267A612E06374300A99130 /* TOCropViewController */ = {
			isa = XCSwiftPackageProductDependency;
			package = 36267A5E2E06374300A99130 /* XCRemoteSwiftPackageReference "TOCropViewController" */;
			productName = TOCropViewController;
		};
		36748B7E2DE112DD0094D43D /* FirebaseAI */ = {
			isa = XCSwiftPackageProductDependency;
			package = 0D4FD1FB2DB2818900CA6DB1 /* XCRemoteSwiftPackageReference "firebase-ios-sdk" */;
			productName = FirebaseAI;
		};
		368B7D832DE79DC6001D7971 /* FirebaseMessaging */ = {
			isa = XCSwiftPackageProductDependency;
			package = 0D4FD1FB2DB2818900CA6DB1 /* XCRemoteSwiftPackageReference "firebase-ios-sdk" */;
			productName = FirebaseMessaging;
		};
		369D7AC72DE9EACD005F30AB /* Kingfisher */ = {
			isa = XCSwiftPackageProductDependency;
			package = 369D7AC62DE9EACD005F30AB /* XCRemoteSwiftPackageReference "Kingfisher" */;
			productName = Kingfisher;
		};
		36A036D22F36BCDB002B2937 /* GoogleUserMessagingPlatform */ = {
			isa = XCSwiftPackageProductDependency;
			package = 36A036D12F36BCDB002B2937 /* XCRemoteSwiftPackageReference "swift-package-manager-google-user-messaging-platform" */;
			productName = GoogleUserMessagingPlatform;
		};
		36A036EB2F38B596002B2937 /* FirebaseAuth */ = {
			isa = XCSwiftPackageProductDependency;
			package = 0D4FD1FB2DB2818900CA6DB1 /* XCRemoteSwiftPackageReference "firebase-ios-sdk" */;
			productName = FirebaseAuth;
		};
		36A036ED2F38B59C002B2937 /* FirebaseFirestore */ = {
			isa = XCSwiftPackageProductDependency;
			package = 0D4FD1FB2DB2818900CA6DB1 /* XCRemoteSwiftPackageReference "firebase-ios-sdk" */;
			productName = FirebaseFirestore;
		};
		36A036EF2F38B5B2002B2937 /* FirebaseMessaging */ = {
			isa = XCSwiftPackageProductDependency;
			package = 0D4FD1FB2DB2818900CA6DB1 /* XCRemoteSwiftPackageReference "firebase-ios-sdk" */;
			productName = FirebaseMessaging;
		};
		36CE4D372E0A18F400901FD0 /* ZIPFoundation */ = {
			isa = XCSwiftPackageProductDependency;
			package = 36CE4D362E0A18F400901FD0 /* XCRemoteSwiftPackageReference "ZIPFoundation" */;
			productName = ZIPFoundation;
		};
		36CE4D4D2E0DEE4400901FD0 /* GoogleMobileAds */ = {
			isa = XCSwiftPackageProductDependency;
			package = 36CE4D4C2E0DEE4400901FD0 /* XCRemoteSwiftPackageReference "swift-package-manager-google-mobile-ads" */;
			productName = GoogleMobileAds;
		};
/* End XCSwiftPackageProductDependency section */
	};
	rootObject = 0D4FD1B12DB27BFE00CA6DB1 /* Project object */;
}
